
Microsoft Visual Studio Solution File, Format Version 12.00
# Visual Studio Version 16
VisualStudioVersion = 16.0.29418.71
MinimumVisualStudioVersion = 10.0.40219.1
Project("{FAE04EC0-301F-11D3-BF4B-00C04F79EFBC}") = "latinosenlouisville", "latinosenlouisville\latinosenlouisville.csproj", "{579D7580-A5CD-4D24-88E6-2CC0338975B9}"
EndProject
Project("{FAE04EC0-301F-11D3-BF4B-00C04F79EFBC}") = "latinosenlouisville.core", "latinosenlouisville.core\latinosenlouisville.core.csproj", "{895B4C55-D1DC-46D5-A83A-F8EDDD354CAF}"
EndProject
Project("{FAE04EC0-301F-11D3-BF4B-00C04F79EFBC}") = "latinosenlouisville.data", "latinosenlouisville.data\latinosenlouisville.data.csproj", "{32DF7A89-9930-4D7B-8692-D6A2B33E50D2}"
EndProject
Global
	GlobalSection(SolutionConfigurationPlatforms) = preSolution
		Debug|Any CPU = Debug|Any CPU
		Release|Any CPU = Release|Any CPU
	EndGlobalSection
	GlobalSection(ProjectConfigurationPlatforms) = postSolution
		{579D7580-A5CD-4D24-88E6-2CC0338975B9}.Debug|Any CPU.ActiveCfg = Debug|Any CPU
		{579D7580-A5CD-4D24-88E6-2CC0338975B9}.Debug|Any CPU.Build.0 = Debug|Any CPU
		{579D7580-A5CD-4D24-88E6-2CC0338975B9}.Release|Any CPU.ActiveCfg = Release|Any CPU
		{579D7580-A5CD-4D24-88E6-2CC0338975B9}.Release|Any CPU.Build.0 = Release|Any CPU
		{895B4C55-D1DC-46D5-A83A-F8EDDD354CAF}.Debug|Any CPU.ActiveCfg = Debug|Any CPU
		{895B4C55-D1DC-46D5-A83A-F8EDDD354CAF}.Debug|Any CPU.Build.0 = Debug|Any CPU
		{895B4C55-D1DC-46D5-A83A-F8EDDD354CAF}.Release|Any CPU.ActiveCfg = Release|Any CPU
		{895B4C55-D1DC-46D5-A83A-F8EDDD354CAF}.Release|Any CPU.Build.0 = Release|Any CPU
		{32DF7A89-9930-4D7B-8692-D6A2B33E50D2}.Debug|Any CPU.ActiveCfg = Debug|Any CPU
		{32DF7A89-9930-4D7B-8692-D6A2B33E50D2}.Debug|Any CPU.Build.0 = Debug|Any CPU
		{32DF7A89-9930-4D7B-8692-D6A2B33E50D2}.Release|Any CPU.ActiveCfg = Release|Any CPU
		{32DF7A89-9930-4D7B-8692-D6A2B33E50D2}.Release|Any CPU.Build.0 = Release|Any CPU
	EndGlobalSection
	GlobalSection(SolutionProperties) = preSolution
		HideSolutionNode = FALSE
	EndGlobalSection
	GlobalSection(ExtensibilityGlobals) = postSolution
		SolutionGuid = {45552A86-25A3-4CB9-A0B2-760E88C76BC1}
	EndGlobalSection
EndGlobal
